// !$*UTF8*$!
{
	archiveVersion = 1;
	classes = {
	};
	objectVersion = 77;
	objects = {

/* Begin PBXContainerItemProxy section */
		3F09233B2CC20C6100190BBC /* PBXContainerItemProxy */ = {
			isa = PBXContainerItemProxy;
			containerPortal = 3F0923222CC20C5F00190BBC /* Project object */;
			proxyType = 1;
			remoteGlobalIDString = 3F0923292CC20C5F00190BBC;
			remoteInfo = "Week5-Kwandy";
		};
		3F0923452CC20C6100190BBC /* PBXContainerItemProxy */ = {
			isa = PBXContainerItemProxy;
			containerPortal = 3F0923222CC20C5F00190BBC /* Project object */;
			proxyType = 1;
			remoteGlobalIDString = 3F0923292CC20C5F00190BBC;
			remoteInfo = "Week5-Kwandy";
		};
/* End PBXContainerItemProxy section */

/* Begin PBXFileReference section */
		3F09232A2CC20C5F00190BBC /* Week5-Kwandy.app */ = {isa = PBXFileReference; explicitFileType = wrapper.application; includeInIndex = 0; path = "Week5-Kwandy.app"; sourceTree = BUILT_PRODUCTS_DIR; };
		3F09233A2CC20C6100190BBC /* Week5-KwandyTests.xctest */ = {isa = PBXFileReference; explicitFileType = wrapper.cfbundle; includeInIndex = 0; path = "Week5-KwandyTests.xctest"; sourceTree = BUILT_PRODUCTS_DIR; };
		3F0923442CC20C6100190BBC /* Week5-KwandyUITests.xctest */ = {isa = PBXFileReference; explicitFileType = wrapper.cfbundle; includeInIndex = 0; path = "Week5-KwandyUITests.xctest"; sourceTree = BUILT_PRODUCTS_DIR; };
/* End PBXFileReference section */

/* Begin PBXFileSystemSynchronizedRootGroup section */
		3F09232C2CC20C5F00190BBC /* Week5-Kwandy */ = {
			isa = PBXFileSystemSynchronizedRootGroup;
			path = "Week5-Kwandy";
			sourceTree = "<group>";
		};
		3F09233D2CC20C6100190BBC /* Week5-KwandyTests */ = {
			isa = PBXFileSystemSynchronizedRootGroup;
			path = "Week5-KwandyTests";
			sourceTree = "<group>";
		};
		3F0923472CC20C6100190BBC /* Week5-KwandyUITests */ = {
			isa = PBXFileSystemSynchronizedRootGroup;
			path = "Week5-KwandyUITests";
			sourceTree = "<group>";
		};
/* End PBXFileSystemSynchronizedRootGroup section */

/* Begin PBXFrameworksBuildPhase section */
		3F0923272CC20C5F00190BBC /* Frameworks */ = {
			isa = PBXFrameworksBuildPhase;
			buildActionMask = 2147483647;
			files = (
			);
			runOnlyForDeploymentPostprocessing = 0;
		};
		3F0923372CC20C6100190BBC /* Frameworks */ = {
			isa = PBXFrameworksBuildPhase;
			buildActionMask = 2147483647;
			files = (
			);
			runOnlyForDeploymentPostprocessing = 0;
		};
		3F0923412CC20C6100190BBC /* Frameworks */ = {
			isa = PBXFrameworksBuildPhase;
			buildActionMask = 2147483647;
			files = (
			);
			runOnlyForDeploymentPostprocessing = 0;
		};
/* End PBXFrameworksBuildPhase section */

/* Begin PBXGroup section */
		3F0923212CC20C5F00190BBC = {
			isa = PBXGroup;
			children = (
				3F09232C2CC20C5F00190BBC /* Week5-Kwandy */,
				3F09233D2CC20C6100190BBC /* Week5-KwandyTests */,
				3F0923472CC20C6100190BBC /* Week5-KwandyUITests */,
				3F09232B2CC20C5F00190BBC /* Products */,
			);
			sourceTree = "<group>";
		};
		3F09232B2CC20C5F00190BBC /* Products */ = {
			isa = PBXGroup;
			children = (
				3F09232A2CC20C5F00190BBC /* Week5-Kwandy.app */,
				3F09233A2CC20C6100190BBC /* Week5-KwandyTests.xctest */,
				3F0923442CC20C6100190BBC /* Week5-KwandyUITests.xctest */,
			);
			name = Products;
			sourceTree = "<group>";
		};
/* End PBXGroup section */

/* Begin PBXNativeTarget section */
		3F0923292CC20C5F00190BBC /* Week5-Kwandy */ = {
			isa = PBXNativeTarget;
			buildConfigurationList = 3F09234E2CC20C6100190BBC /* Build configuration list for PBXNativeTarget "Week5-Kwandy" */;
			buildPhases = (
				3F0923262CC20C5F00190BBC /* Sources */,
				3F0923272CC20C5F00190BBC /* Frameworks */,
				3F0923282CC20C5F00190BBC /* Resources */,
			);
			buildRules = (
			);
			dependencies = (
			);
			fileSystemSynchronizedGroups = (
				3F09232C2CC20C5F00190BBC /* Week5-Kwandy */,
			);
			name = "Week5-Kwandy";
			packageProductDependencies = (
			);
			productName = "Week5-Kwandy";
			productReference = 3F09232A2CC20C5F00190BBC /* Week5-Kwandy.app */;
			productType = "com.apple.product-type.application";
		};
		3F0923392CC20C6100190BBC /* Week5-KwandyTests */ = {
			isa = PBXNativeTarget;
			buildConfigurationList = 3F0923512CC20C6100190BBC /* Build configuration list for PBXNativeTarget "Week5-KwandyTests" */;
			buildPhases = (
				3F0923362CC20C6100190BBC /* Sources */,
				3F0923372CC20C6100190BBC /* Frameworks */,
				3F0923382CC20C6100190BBC /* Resources */,
			);
			buildRules = (
			);
			dependencies = (
				3F09233C2CC20C6100190BBC /* PBXTargetDependency */,
			);
			fileSystemSynchronizedGroups = (
				3F09233D2CC20C6100190BBC /* Week5-KwandyTests */,
			);
			name = "Week5-KwandyTests";
			packageProductDependencies = (
			);
			productName = "Week5-KwandyTests";
			productReference = 3F09233A2CC20C6100190BBC /* Week5-KwandyTests.xctest */;
			productType = "com.apple.product-type.bundle.unit-test";
		};
		3F0923432CC20C6100190BBC /* Week5-KwandyUITests */ = {
			isa = PBXNativeTarget;
			buildConfigurationList = 3F0923542CC20C6100190BBC /* Build configuration list for PBXNativeTarget "Week5-KwandyUITests" */;
			buildPhases = (
				3F0923402CC20C6100190BBC /* Sources */,
				3F0923412CC20C6100190BBC /* Frameworks */,
				3F0923422CC20C6100190BBC /* Resources */,
			);
			buildRules = (
			);
			dependencies = (
				3F0923462CC20C6100190BBC /* PBXTargetDependency */,
			);
			fileSystemSynchronizedGroups = (
				3F0923472CC20C6100190BBC /* Week5-KwandyUITests */,
			);
			name = "Week5-KwandyUITests";
			packageProductDependencies = (
			);
			productName = "Week5-KwandyUITests";
			productReference = 3F0923442CC20C6100190BBC /* Week5-KwandyUITests.xctest */;
			productType = "com.apple.product-type.bundle.ui-testing";
		};
/* End PBXNativeTarget section */

/* Begin PBXProject section */
		3F0923222CC20C5F00190BBC /* Project object */ = {
			isa = PBXProject;
			attributes = {
				BuildIndependentTargetsInParallel = 1;
				LastSwiftUpdateCheck = 1600;
				LastUpgradeCheck = 1600;
				TargetAttributes = {
					3F0923292CC20C5F00190BBC = {
						CreatedOnToolsVersion = 16.0;
					};
					3F0923392CC20C6100190BBC = {
						CreatedOnToolsVersion = 16.0;
						TestTargetID = 3F0923292CC20C5F00190BBC;
					};
					3F0923432CC20C6100190BBC = {
						CreatedOnToolsVersion = 16.0;
						TestTargetID = 3F0923292CC20C5F00190BBC;
					};
				};
			};
			buildConfigurationList = 3F0923252CC20C5F00190BBC /* Build configuration list for PBXProject "Week5-Kwandy" */;
			developmentRegion = en;
			hasScannedForEncodings = 0;
			knownRegions = (
				en,
				Base,
			);
			mainGroup = 3F0923212CC20C5F00190BBC;
			minimizedProjectReferenceProxies = 1;
			preferredProjectObjectVersion = 77;
			productRefGroup = 3F09232B2CC20C5F00190BBC /* Products */;
			projectDirPath = "";
			projectRoot = "";
			targets = (
				3F0923292CC20C5F00190BBC /* Week5-Kwandy */,
				3F0923392CC20C6100190BBC /* Week5-KwandyTests */,
				3F0923432CC20C6100190BBC /* Week5-KwandyUITests */,
			);
		};
/* End PBXProject section */

/* Begin PBXResourcesBuildPhase section */
		3F0923282CC20C5F00190BBC /* Resources */ = {
			isa = PBXResourcesBuildPhase;
			buildActionMask = 2147483647;
			files = (
			);
			runOnlyForDeploymentPostprocessing = 0;
		};
		3F0923382CC20C6100190BBC /* Resources */ = {
			isa = PBXResourcesBuildPhase;
			buildActionMask = 2147483647;
			files = (
			);
			runOnlyForDeploymentPostprocessing = 0;
		};
		3F0923422CC20C6100190BBC /* Resources */ = {
			isa = PBXResourcesBuildPhase;
			buildActionMask = 2147483647;
			files = (
			);
			runOnlyForDeploymentPostprocessing = 0;
		};
/* End PBXResourcesBuildPhase section */

/* Begin PBXSourcesBuildPhase section */
		3F0923262CC20C5F00190BBC /* Sources */ = {
			isa = PBXSourcesBuildPhase;
			buildActionMask = 2147483647;
			files = (
			);
			runOnlyForDeploymentPostprocessing = 0;
		};
		3F0923362CC20C6100190BBC /* Sources */ = {
			isa = PBXSourcesBuildPhase;
			buildActionMask = 2147483647;
			files = (
			);
			runOnlyForDeploymentPostprocessing = 0;
		};
		3F0923402CC20C6100190BBC /* Sources */ = {
			isa = PBXSourcesBuildPhase;
			buildActionMask = 2147483647;
			files = (
			);
			runOnlyForDeploymentPostprocessing = 0;
		};
/* End PBXSourcesBuildPhase section */

/* Begin PBXTargetDependency section */
		3F09233C2CC20C6100190BBC /* PBXTargetDependency */ = {
			isa = PBXTargetDependency;
			target = 3F0923292CC20C5F00190BBC /* Week5-Kwandy */;
			targetProxy = 3F09233B2CC20C6100190BBC /* PBXContainerItemProxy */;
		};
		3F0923462CC20C6100190BBC /* PBXTargetDependency */ = {
			isa = PBXTargetDependency;
			target = 3F0923292CC20C5F00190BBC /* Week5-Kwandy */;
			targetProxy = 3F0923452CC20C6100190BBC /* PBXContainerItemProxy */;
		};
/* End PBXTargetDependency section */

/* Begin XCBuildConfiguration section */
		3F09234C2CC20C6100190BBC /* Debug */ = {
			isa = XCBuildConfiguration;
			buildSettings = {
				ALWAYS_SEARCH_USER_PATHS = NO;
				ASSETCATALOG_COMPILER_GENERATE_SWIFT_ASSET_SYMBOL_EXTENSIONS = YES;
				CLANG_ANALYZER_NONNULL = YES;
				CLANG_ANALYZER_NUMBER_OBJECT_CONVERSION = YES_AGGRESSIVE;
				CLANG_CXX_LANGUAGE_STANDARD = "gnu++20";
				CLANG_ENABLE_MODULES = YES;
				CLANG_ENABLE_OBJC_ARC = YES;
				CLANG_ENABLE_OBJC_WEAK = YES;
				CLANG_WARN_BLOCK_CAPTURE_AUTORELEASING = YES;
				CLANG_WARN_BOOL_CONVERSION = YES;
				CLANG_WARN_COMMA = YES;
				CLANG_WARN_CONSTANT_CONVERSION = YES;
				CLANG_WARN_DEPRECATED_OBJC_IMPLEMENTATIONS = YES;
				CLANG_WARN_DIRECT_OBJC_ISA_USAGE = YES_ERROR;
				CLANG_WARN_DOCUMENTATION_COMMENTS = YES;
				CLANG_WARN_EMPTY_BODY = YES;
				CLANG_WARN_ENUM_CONVERSION = YES;
				CLANG_WARN_INFINITE_RECURSION = YES;
				CLANG_WARN_INT_CONVERSION = YES;
				CLANG_WARN_NON_LITERAL_NULL_CONVERSION = YES;
				CLANG_WARN_OBJC_IMPLICIT_RETAIN_SELF = YES;
				CLANG_WARN_OBJC_LITERAL_CONVERSION = YES;
				CLANG_WARN_OBJC_ROOT_CLASS = YES_ERROR;
				CLANG_WARN_QUOTED_INCLUDE_IN_FRAMEWORK_HEADER = YES;
				CLANG_WARN_RANGE_LOOP_ANALYSIS = YES;
				CLANG_WARN_STRICT_PROTOTYPES = YES;
				CLANG_WARN_SUSPICIOUS_MOVE = YES;
				CLANG_WARN_UNGUARDED_AVAILABILITY = YES_AGGRESSIVE;
				CLANG_WARN_UNREACHABLE_CODE = YES;
				CLANG_WARN__DUPLICATE_METHOD_MATCH = YES;
				COPY_PHASE_STRIP = NO;
				DEBUG_INFORMATION_FORMAT = dwarf;
				ENABLE_STRICT_OBJC_MSGSEND = YES;
				ENABLE_TESTABILITY = YES;
				ENABLE_USER_SCRIPT_SANDBOXING = YES;
				GCC_C_LANGUAGE_STANDARD = gnu17;
				GCC_DYNAMIC_NO_PIC = NO;
				GCC_NO_COMMON_BLOCKS = YES;
				GCC_OPTIMIZATION_LEVEL = 0;
				GCC_PREPROCESSOR_DEFINITIONS = (
					"DEBUG=1",
					"$(inherited)",
				);
				GCC_WARN_64_TO_32_BIT_CONVERSION = YES;
				GCC_WARN_ABOUT_RETURN_TYPE = YES_ERROR;
				GCC_WARN_UNDECLARED_SELECTOR = YES;
				GCC_WARN_UNINITIALIZED_AUTOS = YES_AGGRESSIVE;
				GCC_WARN_UNUSED_FUNCTION = YES;
				GCC_WARN_UNUSED_VARIABLE = YES;
				IPHONEOS_DEPLOYMENT_TARGET = 18.0;
				LOCALIZATION_PREFERS_STRING_CATALOGS = YES;
				MTL_ENABLE_DEBUG_INFO = INCLUDE_SOURCE;
				MTL_FAST_MATH = YES;
				ONLY_ACTIVE_ARCH = YES;
				SDKROOT = iphoneos;
				SWIFT_ACTIVE_COMPILATION_CONDITIONS = "DEBUG $(inherited)";
				SWIFT_OPTIMIZATION_LEVEL = "-Onone";
			};
			name = Debug;
		};
		3F09234D2CC20C6100190BBC /* Release */ = {
			isa = XCBuildConfiguration;
			buildSettings = {
				ALWAYS_SEARCH_USER_PATHS = NO;
				ASSETCATALOG_COMPILER_GENERATE_SWIFT_ASSET_SYMBOL_EXTENSIONS = YES;
				CLANG_ANALYZER_NONNULL = YES;
				CLANG_ANALYZER_NUMBER_OBJECT_CONVERSION = YES_AGGRESSIVE;
				CLANG_CXX_LANGUAGE_STANDARD = "gnu++20";
				CLANG_ENABLE_MODULES = YES;
				CLANG_ENABLE_OBJC_ARC = YES;
				CLANG_ENABLE_OBJC_WEAK = YES;
				CLANG_WARN_BLOCK_CAPTURE_AUTORELEASING = YES;
				CLANG_WARN_BOOL_CONVERSION = YES;
				CLANG_WARN_COMMA = YES;
				CLANG_WARN_CONSTANT_CONVERSION = YES;
				CLANG_WARN_DEPRECATED_OBJC_IMPLEMENTATIONS = YES;
				CLANG_WARN_DIRECT_OBJC_ISA_USAGE = YES_ERROR;
				CLANG_WARN_DOCUMENTATION_COMMENTS = YES;
				CLANG_WARN_EMPTY_BODY = YES;
				CLANG_WARN_ENUM_CONVERSION = YES;
				CLANG_WARN_INFINITE_RECURSION = YES;
				CLANG_WARN_INT_CONVERSION = YES;
				CLANG_WARN_NON_LITERAL_NULL_CONVERSION = YES;
				CLANG_WARN_OBJC_IMPLICIT_RETAIN_SELF = YES;
				CLANG_WARN_OBJC_LITERAL_CONVERSION = YES;
				CLANG_WARN_OBJC_ROOT_CLASS = YES_ERROR;
				CLANG_WARN_QUOTED_INCLUDE_IN_FRAMEWORK_HEADER = YES;
				CLANG_WARN_RANGE_LOOP_ANALYSIS = YES;
				CLANG_WARN_STRICT_PROTOTYPES = YES;
				CLANG_WARN_SUSPICIOUS_MOVE = YES;
				CLANG_WARN_UNGUARDED_AVAILABILITY = YES_AGGRESSIVE;
				CLANG_WARN_UNREACHABLE_CODE = YES;
				CLANG_WARN__DUPLICATE_METHOD_MATCH = YES;
				COPY_PHASE_STRIP = NO;
				DEBUG_INFORMATION_FORMAT = "dwarf-with-dsym";
				ENABLE_NS_ASSERTIONS = NO;
				ENABLE_STRICT_OBJC_MSGSEND = YES;
				ENABLE_USER_SCRIPT_SANDBOXING = YES;
				GCC_C_LANGUAGE_STANDARD = gnu17;
				GCC_NO_COMMON_BLOCKS = YES;
				GCC_WARN_64_TO_32_BIT_CONVERSION = YES;
				GCC_WARN_ABOUT_RETURN_TYPE = YES_ERROR;
				GCC_WARN_UNDECLARED_SELECTOR = YES;
				GCC_WARN_UNINITIALIZED_AUTOS = YES_AGGRESSIVE;
				GCC_WARN_UNUSED_FUNCTION = YES;
				GCC_WARN_UNUSED_VARIABLE = YES;
				IPHONEOS_DEPLOYMENT_TARGET = 18.0;
				LOCALIZATION_PREFERS_STRING_CATALOGS = YES;
				MTL_ENABLE_DEBUG_INFO = NO;
				MTL_FAST_MATH = YES;
				SDKROOT = iphoneos;
				SWIFT_COMPILATION_MODE = wholemodule;
				VALIDATE_PRODUCT = YES;
			};
			name = Release;
		};
		3F09234F2CC20C6100190BBC /* Debug */ = {
			isa = XCBuildConfiguration;
			buildSettings = {
				ASSETCATALOG_COMPILER_APPICON_NAME = AppIcon;
				ASSETCATALOG_COMPILER_GLOBAL_ACCENT_COLOR_NAME = AccentColor;
				CODE_SIGN_STYLE = Automatic;
				CURRENT_PROJECT_VERSION = 1;
				DEVELOPMENT_ASSET_PATHS = "\"Week5-Kwandy/Preview Content\"";
				ENABLE_PREVIEWS = YES;
				GENERATE_INFOPLIST_FILE = YES;
				INFOPLIST_KEY_UIApplicationSceneManifest_Generation = YES;
				INFOPLIST_KEY_UIApplicationSupportsIndirectInputEvents = YES;
				INFOPLIST_KEY_UILaunchScreen_Generation = YES;
				INFOPLIST_KEY_UISupportedInterfaceOrientations_iPad = "UIInterfaceOrientationPortrait UIInterfaceOrientationPortraitUpsideDown UIInterfaceOrientationLandscapeLeft UIInterfaceOrientationLandscapeRight";
				INFOPLIST_KEY_UISupportedInterfaceOrientations_iPhone = "UIInterfaceOrientationPortrait UIInterfaceOrientationLandscapeLeft UIInterfaceOrientationLandscapeRight";
				LD_RUNPATH_SEARCH_PATHS = (
					"$(inherited)",
					"@executable_path/Frameworks",
				);
				MARKETING_VERSION = 1.0;
				PRODUCT_BUNDLE_IDENTIFIER = "UC-ISB.Week5-Kwandy";
				PRODUCT_NAME = "$(TARGET_NAME)";
				SWIFT_EMIT_LOC_STRINGS = YES;
				SWIFT_VERSION = 5.0;
				TARGETED_DEVICE_FAMILY = "1,2";
			};
			name = Debug;
		};
		3F0923502CC20C6100190BBC /* Release */ = {
			isa = XCBuildConfiguration;
			buildSettings = {
				ASSETCATALOG_COMPILER_APPICON_NAME = AppIcon;
				ASSETCATALOG_COMPILER_GLOBAL_ACCENT_COLOR_NAME = AccentColor;
				CODE_SIGN_STYLE = Automatic;
				CURRENT_PROJECT_VERSION = 1;
				DEVELOPMENT_ASSET_PATHS = "\"Week5-Kwandy/Preview Content\"";
				ENABLE_PREVIEWS = YES;
				GENERATE_INFOPLIST_FILE = YES;
				INFOPLIST_KEY_UIApplicationSceneManifest_Generation = YES;
				INFOPLIST_KEY_UIApplicationSupportsIndirectInputEvents = YES;
				INFOPLIST_KEY_UILaunchScreen_Generation = YES;
				INFOPLIST_KEY_UISupportedInterfaceOrientations_iPad = "UIInterfaceOrientationPortrait UIInterfaceOrientationPortraitUpsideDown UIInterfaceOrientationLandscapeLeft UIInterfaceOrientationLandscapeRight";
				INFOPLIST_KEY_UISupportedInterfaceOrientations_iPhone = "UIInterfaceOrientationPortrait UIInterfaceOrientationLandscapeLeft UIInterfaceOrientationLandscapeRight";
				LD_RUNPATH_SEARCH_PATHS = (
					"$(inherited)",
					"@executable_path/Frameworks",
				);
				MARKETING_VERSION = 1.0;
				PRODUCT_BUNDLE_IDENTIFIER = "UC-ISB.Week5-Kwandy";
				PRODUCT_NAME = "$(TARGET_NAME)";
				SWIFT_EMIT_LOC_STRINGS = YES;
				SWIFT_VERSION = 5.0;
				TARGETED_DEVICE_FAMILY = "1,2";
			};
			name = Release;
		};
		3F0923522CC20C6100190BBC /* Debug */ = {
			isa = XCBuildConfiguration;
			buildSettings = {
				BUNDLE_LOADER = "$(TEST_HOST)";
				CODE_SIGN_STYLE = Automatic;
				CURRENT_PROJECT_VERSION = 1;
				GENERATE_INFOPLIST_FILE = YES;
				IPHONEOS_DEPLOYMENT_TARGET = 18.0;
				MARKETING_VERSION = 1.0;
				PRODUCT_BUNDLE_IDENTIFIER = "UC-ISB.Week5-KwandyTests";
				PRODUCT_NAME = "$(TARGET_NAME)";
				SWIFT_EMIT_LOC_STRINGS = NO;
				SWIFT_VERSION = 5.0;
				TARGETED_DEVICE_FAMILY = "1,2";
				TEST_HOST = "$(BUILT_PRODUCTS_DIR)/Week5-Kwandy.app/$(BUNDLE_EXECUTABLE_FOLDER_PATH)/Week5-Kwandy";
			};
			name = Debug;
		};
		3F0923532CC20C6100190BBC /* Release */ = {
			isa = XCBuildConfiguration;
			buildSettings = {
				BUNDLE_LOADER = "$(TEST_HOST)";
				CODE_SIGN_STYLE = Automatic;
				CURRENT_PROJECT_VERSION = 1;
				GENERATE_INFOPLIST_FILE = YES;
				IPHONEOS_DEPLOYMENT_TARGET = 18.0;
				MARKETING_VERSION = 1.0;
				PRODUCT_BUNDLE_IDENTIFIER = "UC-ISB.Week5-KwandyTests";
				PRODUCT_NAME = "$(TARGET_NAME)";
				SWIFT_EMIT_LOC_STRINGS = NO;
				SWIFT_VERSION = 5.0;
				TARGETED_DEVICE_FAMILY = "1,2";
				TEST_HOST = "$(BUILT_PRODUCTS_DIR)/Week5-Kwandy.app/$(BUNDLE_EXECUTABLE_FOLDER_PATH)/Week5-Kwandy";
			};
			name = Release;
		};
		3F0923552CC20C6100190BBC /* Debug */ = {
			isa = XCBuildConfiguration;
			buildSettings = {
				CODE_SIGN_STYLE = Automatic;
				CURRENT_PROJECT_VERSION = 1;
				GENERATE_INFOPLIST_FILE = YES;
				MARKETING_VERSION = 1.0;
				PRODUCT_BUNDLE_IDENTIFIER = "UC-ISB.Week5-KwandyUITests";
				PRODUCT_NAME = "$(TARGET_NAME)";
				SWIFT_EMIT_LOC_STRINGS = NO;
				SWIFT_VERSION = 5.0;
				TARGETED_DEVICE_FAMILY = "1,2";
				TEST_TARGET_NAME = "Week5-Kwandy";
			};
			name = Debug;
		};
		3F0923562CC20C6100190BBC /* Release */ = {
			isa = XCBuildConfiguration;
			buildSettings = {
				CODE_SIGN_STYLE = Automatic;
				CURRENT_PROJECT_VERSION = 1;
				GENERATE_INFOPLIST_FILE = YES;
				MARKETING_VERSION = 1.0;
				PRODUCT_BUNDLE_IDENTIFIER = "UC-ISB.Week5-KwandyUITests";
				PRODUCT_NAME = "$(TARGET_NAME)";
				SWIFT_EMIT_LOC_STRINGS = NO;
				SWIFT_VERSION = 5.0;
				TARGETED_DEVICE_FAMILY = "1,2";
				TEST_TARGET_NAME = "Week5-Kwandy";
			};
			name = Release;
		};
/* End XCBuildConfiguration section */

/* Begin XCConfigurationList section */
		3F0923252CC20C5F00190BBC /* Build configuration list for PBXProject "Week5-Kwandy" */ = {
			isa = XCConfigurationList;
			buildConfigurations = (
				3F09234C2CC20C6100190BBC /* Debug */,
				3F09234D2CC20C6100190BBC /* Release */,
			);
			defaultConfigurationIsVisible = 0;
			defaultConfigurationName = Release;
		};
		3F09234E2CC20C6100190BBC /* Build configuration list for PBXNativeTarget "Week5-Kwandy" */ = {
			isa = XCConfigurationList;
			buildConfigurations = (
				3F09234F2CC20C6100190BBC /* Debug */,
				3F0923502CC20C6100190BBC /* Release */,
			);
			defaultConfigurationIsVisible = 0;
			defaultConfigurationName = Release;
		};
		3F0923512CC20C6100190BBC /* Build configuration list for PBXNativeTarget "Week5-KwandyTests" */ = {
			isa = XCConfigurationList;
			buildConfigurations = (
				3F0923522CC20C6100190BBC /* Debug */,
				3F0923532CC20C6100190BBC /* Release */,
			);
			defaultConfigurationIsVisible = 0;
			defaultConfigurationName = Release;
		};
		3F0923542CC20C6100190BBC /* Build configuration list for PBXNativeTarget "Week5-KwandyUITests" */ = {
			isa = XCConfigurationList;
			buildConfigurations = (
				3F0923552CC20C6100190BBC /* Debug */,
				3F0923562CC20C6100190BBC /* Release */,
			);
			defaultConfigurationIsVisible = 0;
			defaultConfigurationName = Release;
		};
/* End XCConfigurationList section */
	};
	rootObject = 3F0923222CC20C5F00190BBC /* Project object */;
}
